
Microsoft Visual Studio Solution File, Format Version 12.00
# Visual Studio 15
VisualStudioVersion = 15.0.28010.2003
MinimumVisualStudioVersion = 10.0.40219.1
Project("{8BC9CEB8-8B4A-11D0-8D11-00A0C91BC942}") = "图论仓库", "图论仓库\图论仓库.vcxproj", "{68E66619-858A-4BAF-8B61-1D92E2656536}"
EndProject
Global
	GlobalSection(SolutionConfigurationPlatforms) = preSolution
		Debug|x64 = Debug|x64
		Debug|x86 = Debug|x86
		Release|x64 = Release|x64
		Release|x86 = Release|x86
	EndGlobalSection
	GlobalSection(ProjectConfigurationPlatforms) = postSolution
		{68E66619-858A-4BAF-8B61-1D92E2656536}.Debug|x64.ActiveCfg = Debug|x64
		{68E66619-858A-4BAF-8B61-1D92E2656536}.Debug|x64.Build.0 = Debug|x64
		{68E66619-858A-4BAF-8B61-1D92E2656536}.Debug|x86.ActiveCfg = Debug|Win32
		{68E66619-858A-4BAF-8B61-1D92E2656536}.Debug|x86.Build.0 = Debug|Win32
		{68E66619-858A-4BAF-8B61-1D92E2656536}.Release|x64.ActiveCfg = Release|x64
		{68E66619-858A-4BAF-8B61-1D92E2656536}.Release|x64.Build.0 = Release|x64
		{68E66619-858A-4BAF-8B61-1D92E2656536}.Release|x86.ActiveCfg = Release|Win32
		{68E66619-858A-4BAF-8B61-1D92E2656536}.Release|x86.Build.0 = Release|Win32
	EndGlobalSection
	GlobalSection(SolutionProperties) = preSolution
		HideSolutionNode = FALSE
	EndGlobalSection
	GlobalSection(ExtensibilityGlobals) = postSolution
		SolutionGuid = {8662CC6B-DB33-41EF-A61A-2F9CBC1C4E48}
	EndGlobalSection
EndGlobal
